Microsoft Visual Studio Solution File, Format Version 12.00
# Visual Studio Version 17
VisualStudioVersion = 17.5.2.0
MinimumVisualStudioVersion = 10.0.40219.1
Project("{FAE04EC0-301F-11D3-BF4B-00C04F79EFBC}") = "AiCompetency.Api", "AiCompetency.Api.csproj", "{21683DE8-BFEE-4F4D-BD2B-250A1587223C}"
EndProject
Global
	GlobalSection(SolutionConfigurationPlatforms) = preSolution
		Debug|Any CPU = Debug|Any CPU
		Release|Any CPU = Release|Any CPU
	EndGlobalSection
	GlobalSection(ProjectConfigurationPlatforms) = postSolution
		{21683DE8-BFEE-4F4D-BD2B-250A1587223C}.Debug|Any CPU.ActiveCfg = Debug|Any CPU
		{21683DE8-BFEE-4F4D-BD2B-250A1587223C}.Debug|Any CPU.Build.0 = Debug|Any CPU
		{21683DE8-BFEE-4F4D-BD2B-250A1587223C}.Release|Any CPU.ActiveCfg = Release|Any CPU
		{21683DE8-BFEE-4F4D-BD2B-250A1587223C}.Release|Any CPU.Build.0 = Release|Any CPU
	EndGlobalSection
	GlobalSection(SolutionProperties) = preSolution
		HideSolutionNode = FALSE
	EndGlobalSection
	GlobalSection(ExtensibilityGlobals) = postSolution
		SolutionGuid = {606FDF5E-5CBE-4D28-86C2-4609A7EB700D}
	EndGlobalSection
EndGlobal
